// !$*UTF8*$!
{
	archiveVersion = 1;
	classes = {
	};
	objectVersion = 56;
	objects = {

/* Begin PBXBuildFile section */
		4A0DEE1E2CA5AE3A00EF74A4 /* exp_tracker_0_1App.swift in Sources */ = {isa = PBXBuildFile; fileRef = 4A0DEE1D2CA5AE3A00EF74A4 /* exp_tracker_0_1App.swift */; };
		4A0DEE202CA5AE3A00EF74A4 /* ContentView.swift in Sources */ = {isa = PBXBuildFile; fileRef = 4A0DEE1F2CA5AE3A00EF74A4 /* ContentView.swift */; };
		4A0DEE222CA5AE3C00EF74A4 /* Assets.xcassets in Resources */ = {isa = PBXBuildFile; fileRef = 4A0DEE212CA5AE3C00EF74A4 /* Assets.xcassets */; };
		4A0DEE252CA5AE3C00EF74A4 /* Preview Assets.xcassets in Resources */ = {isa = PBXBuildFile; fileRef = 4A0DEE242CA5AE3C00EF74A4 /* Preview Assets.xcassets */; };
		4A0DEE2F2CA5AE3D00EF74A4 /* exp_tracker_0_1Tests.swift in Sources */ = {isa = PBXBuildFile; fileRef = 4A0DEE2E2CA5AE3D00EF74A4 /* exp_tracker_0_1Tests.swift */; };
		4A0DEE392CA5AE3D00EF74A4 /* exp_tracker_0_1UITests.swift in Sources */ = {isa = PBXBuildFile; fileRef = 4A0DEE382CA5AE3D00EF74A4 /* exp_tracker_0_1UITests.swift */; };
		4A0DEE3B2CA5AE3D00EF74A4 /* exp_tracker_0_1UITestsLaunchTests.swift in Sources */ = {isa = PBXBuildFile; fileRef = 4A0DEE3A2CA5AE3D00EF74A4 /* exp_tracker_0_1UITestsLaunchTests.swift */; };
		4A0DEE482CA5AECF00EF74A4 /* MainView.swift in Sources */ = {isa = PBXBuildFile; fileRef = 4A0DEE472CA5AECF00EF74A4 /* MainView.swift */; };
		4A0DEE4B2CA5AF5700EF74A4 /* Home.swift in Sources */ = {isa = PBXBuildFile; fileRef = 4A0DEE4A2CA5AF5700EF74A4 /* Home.swift */; };
		4A0DEE4E2CA5AF8300EF74A4 /* CustomTabBar.swift in Sources */ = {isa = PBXBuildFile; fileRef = 4A0DEE4D2CA5AF8300EF74A4 /* CustomTabBar.swift */; };
		4A0DEE502CA5AF8B00EF74A4 /* BottomCurve.swift in Sources */ = {isa = PBXBuildFile; fileRef = 4A0DEE4F2CA5AF8B00EF74A4 /* BottomCurve.swift */; };
		4A0DEE532CA5AFF600EF74A4 /* AnimatedText.swift in Sources */ = {isa = PBXBuildFile; fileRef = 4A0DEE522CA5AFF600EF74A4 /* AnimatedText.swift */; };
		4A0DEE552CA5B01C00EF74A4 /* IndicatorShape.swift in Sources */ = {isa = PBXBuildFile; fileRef = 4A0DEE542CA5B01C00EF74A4 /* IndicatorShape.swift */; };
		4A0DEE582CA5B12200EF74A4 /* Date+Extensions.swift in Sources */ = {isa = PBXBuildFile; fileRef = 4A0DEE572CA5B12200EF74A4 /* Date+Extensions.swift */; };
		4A0DEE5A2CA5B12E00EF74A4 /* OffsetKey.swift in Sources */ = {isa = PBXBuildFile; fileRef = 4A0DEE592CA5B12E00EF74A4 /* OffsetKey.swift */; };
		4A0DEE5C2CA5B14100EF74A4 /* View+Extensions.swift in Sources */ = {isa = PBXBuildFile; fileRef = 4A0DEE5B2CA5B14100EF74A4 /* View+Extensions.swift */; };
		4A0DEE5F2CA5B22200EF74A4 /* TaskPage.swift in Sources */ = {isa = PBXBuildFile; fileRef = 4A0DEE5E2CA5B22200EF74A4 /* TaskPage.swift */; };
		4A0DEE612CA5B23C00EF74A4 /* NewTaskView.swift in Sources */ = {isa = PBXBuildFile; fileRef = 4A0DEE602CA5B23C00EF74A4 /* NewTaskView.swift */; };
		4A0DEE632CA5B24900EF74A4 /* TaskRowView.swift in Sources */ = {isa = PBXBuildFile; fileRef = 4A0DEE622CA5B24900EF74A4 /* TaskRowView.swift */; };
		4A0DEE652CA5B25D00EF74A4 /* TasksView.swift in Sources */ = {isa = PBXBuildFile; fileRef = 4A0DEE642CA5B25D00EF74A4 /* TasksView.swift */; };
		4A0DEE682CA5B2AD00EF74A4 /* AppViewModel.swift in Sources */ = {isa = PBXBuildFile; fileRef = 4A0DEE672CA5B2AD00EF74A4 /* AppViewModel.swift */; };
		4A0DEE6B2CA5B2FB00EF74A4 /* Task.swift in Sources */ = {isa = PBXBuildFile; fileRef = 4A0DEE6A2CA5B2FB00EF74A4 /* Task.swift */; };
		4A0DEE6D2CA5B30A00EF74A4 /* Expense.swift in Sources */ = {isa = PBXBuildFile; fileRef = 4A0DEE6C2CA5B30A00EF74A4 /* Expense.swift */; };
		4A0DEE6F2CA5B3BB00EF74A4 /* SpeedoMeter.swift in Sources */ = {isa = PBXBuildFile; fileRef = 4A0DEE6E2CA5B3BB00EF74A4 /* SpeedoMeter.swift */; };
		4A0DEE722CA5B51D00EF74A4 /* ProfileTab.swift in Sources */ = {isa = PBXBuildFile; fileRef = 4A0DEE712CA5B51D00EF74A4 /* ProfileTab.swift */; };
		4A0DEE742CA5B56100EF74A4 /* ProfilePage.swift in Sources */ = {isa = PBXBuildFile; fileRef = 4A0DEE732CA5B56100EF74A4 /* ProfilePage.swift */; };
		4A0DEE762CA5B5BF00EF74A4 /* ScrollDetector.swift in Sources */ = {isa = PBXBuildFile; fileRef = 4A0DEE752CA5B5BF00EF74A4 /* ScrollDetector.swift */; };
		4A5084492D32948E00F1DDF5 /* Plan.swift in Sources */ = {isa = PBXBuildFile; fileRef = 4A5084482D32948800F1DDF5 /* Plan.swift */; };
		4A7B4AD82D8B78690082B442 /* Workout.swift in Sources */ = {isa = PBXBuildFile; fileRef = 4A7B4AD72D8B78610082B442 /* Workout.swift */; };
		4A7B4ADA2D8B79370082B442 /* Exercise.swift in Sources */ = {isa = PBXBuildFile; fileRef = 4A7B4AD92D8B79360082B442 /* Exercise.swift */; };
/* End PBXBuildFile section */

/* Begin PBXContainerItemProxy section */
		4A0DEE2B2CA5AE3D00EF74A4 /* PBXContainerItemProxy */ = {
			isa = PBXContainerItemProxy;
			containerPortal = 4A0DEE122CA5AE3A00EF74A4 /* Project object */;
			proxyType = 1;
			remoteGlobalIDString = 4A0DEE192CA5AE3A00EF74A4;
			remoteInfo = "exp-tracker-0.1";
		};
		4A0DEE352CA5AE3D00EF74A4 /* PBXContainerItemProxy */ = {
			isa = PBXContainerItemProxy;
			containerPortal = 4A0DEE122CA5AE3A00EF74A4 /* Project object */;
			proxyType = 1;
			remoteGlobalIDString = 4A0DEE192CA5AE3A00EF74A4;
			remoteInfo = "exp-tracker-0.1";
		};
/* End PBXContainerItemProxy section */

/* Begin PBXFileReference section */
		4A0DEE1A2CA5AE3A00EF74A4 /* exp-tracker-0.1.app */ = {isa = PBXFileReference; explicitFileType = wrapper.application; includeInIndex = 0; path = "exp-tracker-0.1.app"; sourceTree = BUILT_PRODUCTS_DIR; };
		4A0DEE1D2CA5AE3A00EF74A4 /* exp_tracker_0_1App.swift */ = {isa = PBXFileReference; lastKnownFileType = sourcecode.swift; path = exp_tracker_0_1App.swift; sourceTree = "<group>"; };
		4A0DEE1F2CA5AE3A00EF74A4 /* ContentView.swift */ = {isa = PBXFileReference; lastKnownFileType = sourcecode.swift; path = ContentView.swift; sourceTree = "<group>"; };
		4A0DEE212CA5AE3C00EF74A4 /* Assets.xcassets */ = {isa = PBXFileReference; lastKnownFileType = folder.assetcatalog; path = Assets.xcassets; sourceTree = "<group>"; };
		4A0DEE242CA5AE3C00EF74A4 /* Preview Assets.xcassets */ = {isa = PBXFileReference; lastKnownFileType = folder.assetcatalog; path = "Preview Assets.xcassets"; sourceTree = "<group>"; };
		4A0DEE2A2CA5AE3D00EF74A4 /* exp-tracker-0.1Tests.xctest */ = {isa = PBXFileReference; explicitFileType = wrapper.cfbundle; includeInIndex = 0; path = "exp-tracker-0.1Tests.xctest"; sourceTree = BUILT_PRODUCTS_DIR; };
		4A0DEE2E2CA5AE3D00EF74A4 /* exp_tracker_0_1Tests.swift */ = {isa = PBXFileReference; lastKnownFileType = sourcecode.swift; path = exp_tracker_0_1Tests.swift; sourceTree = "<group>"; };
		4A0DEE342CA5AE3D00EF74A4 /* exp-tracker-0.1UITests.xctest */ = {isa = PBXFileReference; explicitFileType = wrapper.cfbundle; includeInIndex = 0; path = "exp-tracker-0.1UITests.xctest"; sourceTree = BUILT_PRODUCTS_DIR; };
		4A0DEE382CA5AE3D00EF74A4 /* exp_tracker_0_1UITests.swift */ = {isa = PBXFileReference; lastKnownFileType = sourcecode.swift; path = exp_tracker_0_1UITests.swift; sourceTree = "<group>"; };
		4A0DEE3A2CA5AE3D00EF74A4 /* exp_tracker_0_1UITestsLaunchTests.swift */ = {isa = PBXFileReference; lastKnownFileType = sourcecode.swift; path = exp_tracker_0_1UITestsLaunchTests.swift; sourceTree = "<group>"; };
		4A0DEE472CA5AECF00EF74A4 /* MainView.swift */ = {isa = PBXFileReference; lastKnownFileType = sourcecode.swift; path = MainView.swift; sourceTree = "<group>"; };
		4A0DEE4A2CA5AF5700EF74A4 /* Home.swift */ = {isa = PBXFileReference; lastKnownFileType = sourcecode.swift; path = Home.swift; sourceTree = "<group>"; };
		4A0DEE4D2CA5AF8300EF74A4 /* CustomTabBar.swift */ = {isa = PBXFileReference; lastKnownFileType = sourcecode.swift; path = CustomTabBar.swift; sourceTree = "<group>"; };
		4A0DEE4F2CA5AF8B00EF74A4 /* BottomCurve.swift */ = {isa = PBXFileReference; lastKnownFileType = sourcecode.swift; path = BottomCurve.swift; sourceTree = "<group>"; };
		4A0DEE522CA5AFF600EF74A4 /* AnimatedText.swift */ = {isa = PBXFileReference; lastKnownFileType = sourcecode.swift; path = AnimatedText.swift; sourceTree = "<group>"; };
		4A0DEE542CA5B01C00EF74A4 /* IndicatorShape.swift */ = {isa = PBXFileReference; lastKnownFileType = sourcecode.swift; path = IndicatorShape.swift; sourceTree = "<group>"; };
		4A0DEE572CA5B12200EF74A4 /* Date+Extensions.swift */ = {isa = PBXFileReference; lastKnownFileType = sourcecode.swift; path = "Date+Extensions.swift"; sourceTree = "<group>"; };
		4A0DEE592CA5B12E00EF74A4 /* OffsetKey.swift */ = {isa = PBXFileReference; lastKnownFileType = sourcecode.swift; path = OffsetKey.swift; sourceTree = "<group>"; };
		4A0DEE5B2CA5B14100EF74A4 /* View+Extensions.swift */ = {isa = PBXFileReference; lastKnownFileType = sourcecode.swift; path = "View+Extensions.swift"; sourceTree = "<group>"; };
		4A0DEE5E2CA5B22200EF74A4 /* TaskPage.swift */ = {isa = PBXFileReference; lastKnownFileType = sourcecode.swift; path = TaskPage.swift; sourceTree = "<group>"; };
		4A0DEE602CA5B23C00EF74A4 /* NewTaskView.swift */ = {isa = PBXFileReference; lastKnownFileType = sourcecode.swift; path = NewTaskView.swift; sourceTree = "<group>"; };
		4A0DEE622CA5B24900EF74A4 /* TaskRowView.swift */ = {isa = PBXFileReference; lastKnownFileType = sourcecode.swift; path = TaskRowView.swift; sourceTree = "<group>"; };
		4A0DEE642CA5B25D00EF74A4 /* TasksView.swift */ = {isa = PBXFileReference; lastKnownFileType = sourcecode.swift; path = TasksView.swift; sourceTree = "<group>"; };
		4A0DEE672CA5B2AD00EF74A4 /* AppViewModel.swift */ = {isa = PBXFileReference; lastKnownFileType = sourcecode.swift; path = AppViewModel.swift; sourceTree = "<group>"; };
		4A0DEE6A2CA5B2FB00EF74A4 /* Task.swift */ = {isa = PBXFileReference; lastKnownFileType = sourcecode.swift; path = Task.swift; sourceTree = "<group>"; };
		4A0DEE6C2CA5B30A00EF74A4 /* Expense.swift */ = {isa = PBXFileReference; lastKnownFileType = sourcecode.swift; path = Expense.swift; sourceTree = "<group>"; };
		4A0DEE6E2CA5B3BB00EF74A4 /* SpeedoMeter.swift */ = {isa = PBXFileReference; lastKnownFileType = sourcecode.swift; path = SpeedoMeter.swift; sourceTree = "<group>"; };
		4A0DEE712CA5B51D00EF74A4 /* ProfileTab.swift */ = {isa = PBXFileReference; lastKnownFileType = sourcecode.swift; path = ProfileTab.swift; sourceTree = "<group>"; };
		4A0DEE732CA5B56100EF74A4 /* ProfilePage.swift */ = {isa = PBXFileReference; lastKnownFileType = sourcecode.swift; path = ProfilePage.swift; sourceTree = "<group>"; };
		4A0DEE752CA5B5BF00EF74A4 /* ScrollDetector.swift */ = {isa = PBXFileReference; lastKnownFileType = sourcecode.swift; path = ScrollDetector.swift; sourceTree = "<group>"; };
		4A5084482D32948800F1DDF5 /* Plan.swift */ = {isa = PBXFileReference; lastKnownFileType = sourcecode.swift; path = Plan.swift; sourceTree = "<group>"; };
		4A7B4AD72D8B78610082B442 /* Workout.swift */ = {isa = PBXFileReference; lastKnownFileType = sourcecode.swift; path = Workout.swift; sourceTree = "<group>"; };
		4A7B4AD92D8B79360082B442 /* Exercise.swift */ = {isa = PBXFileReference; lastKnownFileType = sourcecode.swift; path = Exercise.swift; sourceTree = "<group>"; };
/* End PBXFileReference section */

/* Begin PBXFrameworksBuildPhase section */
		4A0DEE172CA5AE3A00EF74A4 /* Frameworks */ = {
			isa = PBXFrameworksBuildPhase;
			buildActionMask = 2147483647;
			files = (
			);
			runOnlyForDeploymentPostprocessing = 0;
		};
		4A0DEE272CA5AE3D00EF74A4 /* Frameworks */ = {
			isa = PBXFrameworksBuildPhase;
			buildActionMask = 2147483647;
			files = (
			);
			runOnlyForDeploymentPostprocessing = 0;
		};
		4A0DEE312CA5AE3D00EF74A4 /* Frameworks */ = {
			isa = PBXFrameworksBuildPhase;
			buildActionMask = 2147483647;
			files = (
			);
			runOnlyForDeploymentPostprocessing = 0;
		};
/* End PBXFrameworksBuildPhase section */

/* Begin PBXGroup section */
		4A0DEE112CA5AE3A00EF74A4 = {
			isa = PBXGroup;
			children = (
				4A0DEE1C2CA5AE3A00EF74A4 /* exp-tracker-0.1 */,
				4A0DEE2D2CA5AE3D00EF74A4 /* exp-tracker-0.1Tests */,
				4A0DEE372CA5AE3D00EF74A4 /* exp-tracker-0.1UITests */,
				4A0DEE1B2CA5AE3A00EF74A4 /* Products */,
			);
			sourceTree = "<group>";
		};
		4A0DEE1B2CA5AE3A00EF74A4 /* Products */ = {
			isa = PBXGroup;
			children = (
				4A0DEE1A2CA5AE3A00EF74A4 /* exp-tracker-0.1.app */,
				4A0DEE2A2CA5AE3D00EF74A4 /* exp-tracker-0.1Tests.xctest */,
				4A0DEE342CA5AE3D00EF74A4 /* exp-tracker-0.1UITests.xctest */,
			);
			name = Products;
			sourceTree = "<group>";
		};
		4A0DEE1C2CA5AE3A00EF74A4 /* exp-tracker-0.1 */ = {
			isa = PBXGroup;
			children = (
				4A0DEE1D2CA5AE3A00EF74A4 /* exp_tracker_0_1App.swift */,
				4A0DEE692CA5B2E100EF74A4 /* Models */,
				4A0DEE662CA5B29F00EF74A4 /* ViewModels */,
				4A0DEE492CA5AF3B00EF74A4 /* Views */,
				4A0DEE212CA5AE3C00EF74A4 /* Assets.xcassets */,
				4A0DEE562CA5B11100EF74A4 /* Helpers */,
				4A0DEE232CA5AE3C00EF74A4 /* Preview Content */,
			);
			path = "exp-tracker-0.1";
			sourceTree = "<group>";
		};
		4A0DEE232CA5AE3C00EF74A4 /* Preview Content */ = {
			isa = PBXGroup;
			children = (
				4A0DEE242CA5AE3C00EF74A4 /* Preview Assets.xcassets */,
			);
			path = "Preview Content";
			sourceTree = "<group>";
		};
		4A0DEE2D2CA5AE3D00EF74A4 /* exp-tracker-0.1Tests */ = {
			isa = PBXGroup;
			children = (
				4A0DEE2E2CA5AE3D00EF74A4 /* exp_tracker_0_1Tests.swift */,
			);
			path = "exp-tracker-0.1Tests";
			sourceTree = "<group>";
		};
		4A0DEE372CA5AE3D00EF74A4 /* exp-tracker-0.1UITests */ = {
			isa = PBXGroup;
			children = (
				4A0DEE382CA5AE3D00EF74A4 /* exp_tracker_0_1UITests.swift */,
				4A0DEE3A2CA5AE3D00EF74A4 /* exp_tracker_0_1UITestsLaunchTests.swift */,
				4A5084482D32948800F1DDF5 /* Plan.swift */,
			);
			path = "exp-tracker-0.1UITests";
			sourceTree = "<group>";
		};
		4A0DEE492CA5AF3B00EF74A4 /* Views */ = {
			isa = PBXGroup;
			children = (
				4A0DEE702CA5B50600EF74A4 /* ProfileTab */,
				4A0DEE5D2CA5B21500EF74A4 /* TaskView */,
				4A0DEE512CA5AFE100EF74A4 /* SpeedoMeter */,
				4A0DEE4C2CA5AF6F00EF74A4 /* CustomTabBar */,
				4A0DEE4A2CA5AF5700EF74A4 /* Home.swift */,
				4A0DEE1F2CA5AE3A00EF74A4 /* ContentView.swift */,
				4A0DEE472CA5AECF00EF74A4 /* MainView.swift */,
			);
			path = Views;
			sourceTree = "<group>";
		};
		4A0DEE4C2CA5AF6F00EF74A4 /* CustomTabBar */ = {
			isa = PBXGroup;
			children = (
				4A0DEE4D2CA5AF8300EF74A4 /* CustomTabBar.swift */,
				4A0DEE4F2CA5AF8B00EF74A4 /* BottomCurve.swift */,
			);
			path = CustomTabBar;
			sourceTree = "<group>";
		};
		4A0DEE512CA5AFE100EF74A4 /* SpeedoMeter */ = {
			isa = PBXGroup;
			children = (
				4A0DEE522CA5AFF600EF74A4 /* AnimatedText.swift */,
				4A0DEE542CA5B01C00EF74A4 /* IndicatorShape.swift */,
				4A0DEE6E2CA5B3BB00EF74A4 /* SpeedoMeter.swift */,
			);
			path = SpeedoMeter;
			sourceTree = "<group>";
		};
		4A0DEE562CA5B11100EF74A4 /* Helpers */ = {
			isa = PBXGroup;
			children = (
				4A0DEE572CA5B12200EF74A4 /* Date+Extensions.swift */,
				4A0DEE592CA5B12E00EF74A4 /* OffsetKey.swift */,
				4A0DEE5B2CA5B14100EF74A4 /* View+Extensions.swift */,
				4A0DEE752CA5B5BF00EF74A4 /* ScrollDetector.swift */,
			);
			path = Helpers;
			sourceTree = "<group>";
		};
		4A0DEE5D2CA5B21500EF74A4 /* TaskView */ = {
			isa = PBXGroup;
			children = (
				4A0DEE5E2CA5B22200EF74A4 /* TaskPage.swift */,
				4A0DEE602CA5B23C00EF74A4 /* NewTaskView.swift */,
				4A0DEE622CA5B24900EF74A4 /* TaskRowView.swift */,
				4A0DEE642CA5B25D00EF74A4 /* TasksView.swift */,
			);
			path = TaskView;
			sourceTree = "<group>";
		};
		4A0DEE662CA5B29F00EF74A4 /* ViewModels */ = {
			isa = PBXGroup;
			children = (
				4A0DEE672CA5B2AD00EF74A4 /* AppViewModel.swift */,
			);
			path = ViewModels;
			sourceTree = "<group>";
		};
		4A0DEE692CA5B2E100EF74A4 /* Models */ = {
			isa = PBXGroup;
			children = (
				4A7B4AD92D8B79360082B442 /* Exercise.swift */,
				4A7B4AD72D8B78610082B442 /* Workout.swift */,
				4A0DEE6A2CA5B2FB00EF74A4 /* Task.swift */,
				4A0DEE6C2CA5B30A00EF74A4 /* Expense.swift */,
			);
			path = Models;
			sourceTree = "<group>";
		};
		4A0DEE702CA5B50600EF74A4 /* ProfileTab */ = {
			isa = PBXGroup;
			children = (
				4A0DEE712CA5B51D00EF74A4 /* ProfileTab.swift */,
				4A0DEE732CA5B56100EF74A4 /* ProfilePage.swift */,
			);
			path = ProfileTab;
			sourceTree = "<group>";
		};
/* End PBXGroup section */

/* Begin PBXNativeTarget section */
		4A0DEE192CA5AE3A00EF74A4 /* exp-tracker-0.1 */ = {
			isa = PBXNativeTarget;
			buildConfigurationList = 4A0DEE3E2CA5AE3D00EF74A4 /* Build configuration list for PBXNativeTarget "exp-tracker-0.1" */;
			buildPhases = (
				4A0DEE162CA5AE3A00EF74A4 /* Sources */,
				4A0DEE172CA5AE3A00EF74A4 /* Frameworks */,
				4A0DEE182CA5AE3A00EF74A4 /* Resources */,
			);
			buildRules = (
			);
			dependencies = (
			);
			name = "exp-tracker-0.1";
			productName = "exp-tracker-0.1";
			productReference = 4A0DEE1A2CA5AE3A00EF74A4 /* exp-tracker-0.1.app */;
			productType = "com.apple.product-type.application";
		};
		4A0DEE292CA5AE3D00EF74A4 /* exp-tracker-0.1Tests */ = {
			isa = PBXNativeTarget;
			buildConfigurationList = 4A0DEE412CA5AE3D00EF74A4 /* Build configuration list for PBXNativeTarget "exp-tracker-0.1Tests" */;
			buildPhases = (
				4A0DEE262CA5AE3D00EF74A4 /* Sources */,
				4A0DEE272CA5AE3D00EF74A4 /* Frameworks */,
				4A0DEE282CA5AE3D00EF74A4 /* Resources */,
			);
			buildRules = (
			);
			dependencies = (
				4A0DEE2C2CA5AE3D00EF74A4 /* PBXTargetDependency */,
			);
			name = "exp-tracker-0.1Tests";
			productName = "exp-tracker-0.1Tests";
			productReference = 4A0DEE2A2CA5AE3D00EF74A4 /* exp-tracker-0.1Tests.xctest */;
			productType = "com.apple.product-type.bundle.unit-test";
		};
		4A0DEE332CA5AE3D00EF74A4 /* exp-tracker-0.1UITests */ = {
			isa = PBXNativeTarget;
			buildConfigurationList = 4A0DEE442CA5AE3D00EF74A4 /* Build configuration list for PBXNativeTarget "exp-tracker-0.1UITests" */;
			buildPhases = (
				4A0DEE302CA5AE3D00EF74A4 /* Sources */,
				4A0DEE312CA5AE3D00EF74A4 /* Frameworks */,
				4A0DEE322CA5AE3D00EF74A4 /* Resources */,
			);
			buildRules = (
			);
			dependencies = (
				4A0DEE362CA5AE3D00EF74A4 /* PBXTargetDependency */,
			);
			name = "exp-tracker-0.1UITests";
			productName = "exp-tracker-0.1UITests";
			productReference = 4A0DEE342CA5AE3D00EF74A4 /* exp-tracker-0.1UITests.xctest */;
			productType = "com.apple.product-type.bundle.ui-testing";
		};
/* End PBXNativeTarget section */

/* Begin PBXProject section */
		4A0DEE122CA5AE3A00EF74A4 /* Project object */ = {
			isa = PBXProject;
			attributes = {
				BuildIndependentTargetsInParallel = 1;
				LastSwiftUpdateCheck = 1540;
				LastUpgradeCheck = 1540;
				TargetAttributes = {
					4A0DEE192CA5AE3A00EF74A4 = {
						CreatedOnToolsVersion = 15.4;
					};
					4A0DEE292CA5AE3D00EF74A4 = {
						CreatedOnToolsVersion = 15.4;
						TestTargetID = 4A0DEE192CA5AE3A00EF74A4;
					};
					4A0DEE332CA5AE3D00EF74A4 = {
						CreatedOnToolsVersion = 15.4;
						TestTargetID = 4A0DEE192CA5AE3A00EF74A4;
					};
				};
			};
			buildConfigurationList = 4A0DEE152CA5AE3A00EF74A4 /* Build configuration list for PBXProject "exp-tracker-0.1" */;
			compatibilityVersion = "Xcode 14.0";
			developmentRegion = en;
			hasScannedForEncodings = 0;
			knownRegions = (
				en,
				Base,
			);
			mainGroup = 4A0DEE112CA5AE3A00EF74A4;
			productRefGroup = 4A0DEE1B2CA5AE3A00EF74A4 /* Products */;
			projectDirPath = "";
			projectRoot = "";
			targets = (
				4A0DEE192CA5AE3A00EF74A4 /* exp-tracker-0.1 */,
				4A0DEE292CA5AE3D00EF74A4 /* exp-tracker-0.1Tests */,
				4A0DEE332CA5AE3D00EF74A4 /* exp-tracker-0.1UITests */,
			);
		};
/* End PBXProject section */

/* Begin PBXResourcesBuildPhase section */
		4A0DEE182CA5AE3A00EF74A4 /* Resources */ = {
			isa = PBXResourcesBuildPhase;
			buildActionMask = 2147483647;
			files = (
				4A0DEE252CA5AE3C00EF74A4 /* Preview Assets.xcassets in Resources */,
				4A0DEE222CA5AE3C00EF74A4 /* Assets.xcassets in Resources */,
			);
			runOnlyForDeploymentPostprocessing = 0;
		};
		4A0DEE282CA5AE3D00EF74A4 /* Resources */ = {
			isa = PBXResourcesBuildPhase;
			buildActionMask = 2147483647;
			files = (
			);
			runOnlyForDeploymentPostprocessing = 0;
		};
		4A0DEE322CA5AE3D00EF74A4 /* Resources */ = {
			isa = PBXResourcesBuildPhase;
			buildActionMask = 2147483647;
			files = (
			);
			runOnlyForDeploymentPostprocessing = 0;
		};
/* End PBXResourcesBuildPhase section */

/* Begin PBXSourcesBuildPhase section */
		4A0DEE162CA5AE3A00EF74A4 /* Sources */ = {
			isa = PBXSourcesBuildPhase;
			buildActionMask = 2147483647;
			files = (
				4A0DEE532CA5AFF600EF74A4 /* AnimatedText.swift in Sources */,
				4A0DEE5F2CA5B22200EF74A4 /* TaskPage.swift in Sources */,
				4A0DEE202CA5AE3A00EF74A4 /* ContentView.swift in Sources */,
				4A0DEE742CA5B56100EF74A4 /* ProfilePage.swift in Sources */,
				4A0DEE5C2CA5B14100EF74A4 /* View+Extensions.swift in Sources */,
				4A0DEE652CA5B25D00EF74A4 /* TasksView.swift in Sources */,
				4A7B4ADA2D8B79370082B442 /* Exercise.swift in Sources */,
				4A0DEE762CA5B5BF00EF74A4 /* ScrollDetector.swift in Sources */,
				4A0DEE582CA5B12200EF74A4 /* Date+Extensions.swift in Sources */,
				4A0DEE6D2CA5B30A00EF74A4 /* Expense.swift in Sources */,
				4A0DEE4E2CA5AF8300EF74A4 /* CustomTabBar.swift in Sources */,
				4A0DEE502CA5AF8B00EF74A4 /* BottomCurve.swift in Sources */,
				4A7B4AD82D8B78690082B442 /* Workout.swift in Sources */,
				4A0DEE482CA5AECF00EF74A4 /* MainView.swift in Sources */,
				4A0DEE612CA5B23C00EF74A4 /* NewTaskView.swift in Sources */,
				4A5084492D32948E00F1DDF5 /* Plan.swift in Sources */,
				4A0DEE682CA5B2AD00EF74A4 /* AppViewModel.swift in Sources */,
				4A0DEE5A2CA5B12E00EF74A4 /* OffsetKey.swift in Sources */,
				4A0DEE632CA5B24900EF74A4 /* TaskRowView.swift in Sources */,
				4A0DEE552CA5B01C00EF74A4 /* IndicatorShape.swift in Sources */,
				4A0DEE722CA5B51D00EF74A4 /* ProfileTab.swift in Sources */,
				4A0DEE4B2CA5AF5700EF74A4 /* Home.swift in Sources */,
				4A0DEE6B2CA5B2FB00EF74A4 /* Task.swift in Sources */,
				4A0DEE1E2CA5AE3A00EF74A4 /* exp_tracker_0_1App.swift in Sources */,
				4A0DEE6F2CA5B3BB00EF74A4 /* SpeedoMeter.swift in Sources */,
			);
			runOnlyForDeploymentPostprocessing = 0;
		};
		4A0DEE262CA5AE3D00EF74A4 /* Sources */ = {
			isa = PBXSourcesBuildPhase;
			buildActionMask = 2147483647;
			files = (
				4A0DEE2F2CA5AE3D00EF74A4 /* exp_tracker_0_1Tests.swift in Sources */,
			);
			runOnlyForDeploymentPostprocessing = 0;
		};
		4A0DEE302CA5AE3D00EF74A4 /* Sources */ = {
			isa = PBXSourcesBuildPhase;
			buildActionMask = 2147483647;
			files = (
				4A0DEE3B2CA5AE3D00EF74A4 /* exp_tracker_0_1UITestsLaunchTests.swift in Sources */,
				4A0DEE392CA5AE3D00EF74A4 /* exp_tracker_0_1UITests.swift in Sources */,
			);
			runOnlyForDeploymentPostprocessing = 0;
		};
/* End PBXSourcesBuildPhase section */

/* Begin PBXTargetDependency section */
		4A0DEE2C2CA5AE3D00EF74A4 /* PBXTargetDependency */ = {
			isa = PBXTargetDependency;
			target = 4A0DEE192CA5AE3A00EF74A4 /* exp-tracker-0.1 */;
			targetProxy = 4A0DEE2B2CA5AE3D00EF74A4 /* PBXContainerItemProxy */;
		};
		4A0DEE362CA5AE3D00EF74A4 /* PBXTargetDependency */ = {
			isa = PBXTargetDependency;
			target = 4A0DEE192CA5AE3A00EF74A4 /* exp-tracker-0.1 */;
			targetProxy = 4A0DEE352CA5AE3D00EF74A4 /* PBXContainerItemProxy */;
		};
/* End PBXTargetDependency section */

/* Begin XCBuildConfiguration section */
		4A0DEE3C2CA5AE3D00EF74A4 /* Debug */ = {
			isa = XCBuildConfiguration;
			buildSettings = {
				ALWAYS_SEARCH_USER_PATHS = NO;
				ASSETCATALOG_COMPILER_GENERATE_SWIFT_ASSET_SYMBOL_EXTENSIONS = YES;
				CLANG_ANALYZER_NONNULL = YES;
				CLANG_ANALYZER_NUMBER_OBJECT_CONVERSION = YES_AGGRESSIVE;
				CLANG_CXX_LANGUAGE_STANDARD = "gnu++20";
				CLANG_ENABLE_MODULES = YES;
				CLANG_ENABLE_OBJC_ARC = YES;
				CLANG_ENABLE_OBJC_WEAK = YES;
				CLANG_WARN_BLOCK_CAPTURE_AUTORELEASING = YES;
				CLANG_WARN_BOOL_CONVERSION = YES;
				CLANG_WARN_COMMA = YES;
				CLANG_WARN_CONSTANT_CONVERSION = YES;
				CLANG_WARN_DEPRECATED_OBJC_IMPLEMENTATIONS = YES;
				CLANG_WARN_DIRECT_OBJC_ISA_USAGE = YES_ERROR;
				CLANG_WARN_DOCUMENTATION_COMMENTS = YES;
				CLANG_WARN_EMPTY_BODY = YES;
				CLANG_WARN_ENUM_CONVERSION = YES;
				CLANG_WARN_INFINITE_RECURSION = YES;
				CLANG_WARN_INT_CONVERSION = YES;
				CLANG_WARN_NON_LITERAL_NULL_CONVERSION = YES;
				CLANG_WARN_OBJC_IMPLICIT_RETAIN_SELF = YES;
				CLANG_WARN_OBJC_LITERAL_CONVERSION = YES;
				CLANG_WARN_OBJC_ROOT_CLASS = YES_ERROR;
				CLANG_WARN_QUOTED_INCLUDE_IN_FRAMEWORK_HEADER = YES;
				CLANG_WARN_RANGE_LOOP_ANALYSIS = YES;
				CLANG_WARN_STRICT_PROTOTYPES = YES;
				CLANG_WARN_SUSPICIOUS_MOVE = YES;
				CLANG_WARN_UNGUARDED_AVAILABILITY = YES_AGGRESSIVE;
				CLANG_WARN_UNREACHABLE_CODE = YES;
				CLANG_WARN__DUPLICATE_METHOD_MATCH = YES;
				COPY_PHASE_STRIP = NO;
				DEBUG_INFORMATION_FORMAT = dwarf;
				ENABLE_STRICT_OBJC_MSGSEND = YES;
				ENABLE_TESTABILITY = YES;
				ENABLE_USER_SCRIPT_SANDBOXING = YES;
				GCC_C_LANGUAGE_STANDARD = gnu17;
				GCC_DYNAMIC_NO_PIC = NO;
				GCC_NO_COMMON_BLOCKS = YES;
				GCC_OPTIMIZATION_LEVEL = 0;
				GCC_PREPROCESSOR_DEFINITIONS = (
					"DEBUG=1",
					"$(inherited)",
				);
				GCC_WARN_64_TO_32_BIT_CONVERSION = YES;
				GCC_WARN_ABOUT_RETURN_TYPE = YES_ERROR;
				GCC_WARN_UNDECLARED_SELECTOR = YES;
				GCC_WARN_UNINITIALIZED_AUTOS = YES_AGGRESSIVE;
				GCC_WARN_UNUSED_FUNCTION = YES;
				GCC_WARN_UNUSED_VARIABLE = YES;
				IPHONEOS_DEPLOYMENT_TARGET = 17.5;
				LOCALIZATION_PREFERS_STRING_CATALOGS = YES;
				MTL_ENABLE_DEBUG_INFO = INCLUDE_SOURCE;
				MTL_FAST_MATH = YES;
				ONLY_ACTIVE_ARCH = YES;
				SDKROOT = iphoneos;
				SWIFT_ACTIVE_COMPILATION_CONDITIONS = "DEBUG $(inherited)";
				SWIFT_OPTIMIZATION_LEVEL = "-Onone";
			};
			name = Debug;
		};
		4A0DEE3D2CA5AE3D00EF74A4 /* Release */ = {
			isa = XCBuildConfiguration;
			buildSettings = {
				ALWAYS_SEARCH_USER_PATHS = NO;
				ASSETCATALOG_COMPILER_GENERATE_SWIFT_ASSET_SYMBOL_EXTENSIONS = YES;
				CLANG_ANALYZER_NONNULL = YES;
				CLANG_ANALYZER_NUMBER_OBJECT_CONVERSION = YES_AGGRESSIVE;
				CLANG_CXX_LANGUAGE_STANDARD = "gnu++20";
				CLANG_ENABLE_MODULES = YES;
				CLANG_ENABLE_OBJC_ARC = YES;
				CLANG_ENABLE_OBJC_WEAK = YES;
				CLANG_WARN_BLOCK_CAPTURE_AUTORELEASING = YES;
				CLANG_WARN_BOOL_CONVERSION = YES;
				CLANG_WARN_COMMA = YES;
				CLANG_WARN_CONSTANT_CONVERSION = YES;
				CLANG_WARN_DEPRECATED_OBJC_IMPLEMENTATIONS = YES;
				CLANG_WARN_DIRECT_OBJC_ISA_USAGE = YES_ERROR;
				CLANG_WARN_DOCUMENTATION_COMMENTS = YES;
				CLANG_WARN_EMPTY_BODY = YES;
				CLANG_WARN_ENUM_CONVERSION = YES;
				CLANG_WARN_INFINITE_RECURSION = YES;
				CLANG_WARN_INT_CONVERSION = YES;
				CLANG_WARN_NON_LITERAL_NULL_CONVERSION = YES;
				CLANG_WARN_OBJC_IMPLICIT_RETAIN_SELF = YES;
				CLANG_WARN_OBJC_LITERAL_CONVERSION = YES;
				CLANG_WARN_OBJC_ROOT_CLASS = YES_ERROR;
				CLANG_WARN_QUOTED_INCLUDE_IN_FRAMEWORK_HEADER = YES;
				CLANG_WARN_RANGE_LOOP_ANALYSIS = YES;
				CLANG_WARN_STRICT_PROTOTYPES = YES;
				CLANG_WARN_SUSPICIOUS_MOVE = YES;
				CLANG_WARN_UNGUARDED_AVAILABILITY = YES_AGGRESSIVE;
				CLANG_WARN_UNREACHABLE_CODE = YES;
				CLANG_WARN__DUPLICATE_METHOD_MATCH = YES;
				COPY_PHASE_STRIP = NO;
				DEBUG_INFORMATION_FORMAT = "dwarf-with-dsym";
				ENABLE_NS_ASSERTIONS = NO;
				ENABLE_STRICT_OBJC_MSGSEND = YES;
				ENABLE_USER_SCRIPT_SANDBOXING = YES;
				GCC_C_LANGUAGE_STANDARD = gnu17;
				GCC_NO_COMMON_BLOCKS = YES;
				GCC_WARN_64_TO_32_BIT_CONVERSION = YES;
				GCC_WARN_ABOUT_RETURN_TYPE = YES_ERROR;
				GCC_WARN_UNDECLARED_SELECTOR = YES;
				GCC_WARN_UNINITIALIZED_AUTOS = YES_AGGRESSIVE;
				GCC_WARN_UNUSED_FUNCTION = YES;
				GCC_WARN_UNUSED_VARIABLE = YES;
				IPHONEOS_DEPLOYMENT_TARGET = 17.5;
				LOCALIZATION_PREFERS_STRING_CATALOGS = YES;
				MTL_ENABLE_DEBUG_INFO = NO;
				MTL_FAST_MATH = YES;
				SDKROOT = iphoneos;
				SWIFT_COMPILATION_MODE = wholemodule;
				VALIDATE_PRODUCT = YES;
			};
			name = Release;
		};
		4A0DEE3F2CA5AE3D00EF74A4 /* Debug */ = {
			isa = XCBuildConfiguration;
			buildSettings = {
				ASSETCATALOG_COMPILER_APPICON_NAME = AppIcon;
				ASSETCATALOG_COMPILER_GLOBAL_ACCENT_COLOR_NAME = AccentColor;
				CODE_SIGN_STYLE = Automatic;
				CURRENT_PROJECT_VERSION = 1;
				DEVELOPMENT_ASSET_PATHS = "\"exp-tracker-0.1/Preview Content\"";
				ENABLE_PREVIEWS = YES;
				GENERATE_INFOPLIST_FILE = YES;
				INFOPLIST_KEY_UIApplicationSceneManifest_Generation = YES;
				INFOPLIST_KEY_UIApplicationSupportsIndirectInputEvents = YES;
				INFOPLIST_KEY_UILaunchScreen_Generation = YES;
				INFOPLIST_KEY_UISupportedInterfaceOrientations_iPad = "UIInterfaceOrientationPortrait UIInterfaceOrientationPortraitUpsideDown UIInterfaceOrientationLandscapeLeft UIInterfaceOrientationLandscapeRight";
				INFOPLIST_KEY_UISupportedInterfaceOrientations_iPhone = "UIInterfaceOrientationPortrait UIInterfaceOrientationLandscapeLeft UIInterfaceOrientationLandscapeRight";
				LD_RUNPATH_SEARCH_PATHS = (
					"$(inherited)",
					"@executable_path/Frameworks",
				);
				MARKETING_VERSION = 1.0;
				PRODUCT_BUNDLE_IDENTIFIER = "com.mattpus.exp-tracker-0-1";
				PRODUCT_NAME = "$(TARGET_NAME)";
				SWIFT_EMIT_LOC_STRINGS = YES;
				SWIFT_VERSION = 5.0;
				TARGETED_DEVICE_FAMILY = "1,2";
			};
			name = Debug;
		};
		4A0DEE402CA5AE3D00EF74A4 /* Release */ = {
			isa = XCBuildConfiguration;
			buildSettings = {
				ASSETCATALOG_COMPILER_APPICON_NAME = AppIcon;
				ASSETCATALOG_COMPILER_GLOBAL_ACCENT_COLOR_NAME = AccentColor;
				CODE_SIGN_STYLE = Automatic;
				CURRENT_PROJECT_VERSION = 1;
				DEVELOPMENT_ASSET_PATHS = "\"exp-tracker-0.1/Preview Content\"";
				ENABLE_PREVIEWS = YES;
				GENERATE_INFOPLIST_FILE = YES;
				INFOPLIST_KEY_UIApplicationSceneManifest_Generation = YES;
				INFOPLIST_KEY_UIApplicationSupportsIndirectInputEvents = YES;
				INFOPLIST_KEY_UILaunchScreen_Generation = YES;
				INFOPLIST_KEY_UISupportedInterfaceOrientations_iPad = "UIInterfaceOrientationPortrait UIInterfaceOrientationPortraitUpsideDown UIInterfaceOrientationLandscapeLeft UIInterfaceOrientationLandscapeRight";
				INFOPLIST_KEY_UISupportedInterfaceOrientations_iPhone = "UIInterfaceOrientationPortrait UIInterfaceOrientationLandscapeLeft UIInterfaceOrientationLandscapeRight";
				LD_RUNPATH_SEARCH_PATHS = (
					"$(inherited)",
					"@executable_path/Frameworks",
				);
				MARKETING_VERSION = 1.0;
				PRODUCT_BUNDLE_IDENTIFIER = "com.mattpus.exp-tracker-0-1";
				PRODUCT_NAME = "$(TARGET_NAME)";
				SWIFT_EMIT_LOC_STRINGS = YES;
				SWIFT_VERSION = 5.0;
				TARGETED_DEVICE_FAMILY = "1,2";
			};
			name = Release;
		};
		4A0DEE422CA5AE3D00EF74A4 /* Debug */ = {
			isa = XCBuildConfiguration;
			buildSettings = {
				ALWAYS_EMBED_SWIFT_STANDARD_LIBRARIES = YES;
				BUNDLE_LOADER = "$(TEST_HOST)";
				CODE_SIGN_STYLE = Automatic;
				CURRENT_PROJECT_VERSION = 1;
				GENERATE_INFOPLIST_FILE = YES;
				IPHONEOS_DEPLOYMENT_TARGET = 17.5;
				MARKETING_VERSION = 1.0;
				PRODUCT_BUNDLE_IDENTIFIER = "com.mattpus.exp-tracker-0-1Tests";
				PRODUCT_NAME = "$(TARGET_NAME)";
				SWIFT_EMIT_LOC_STRINGS = NO;
				SWIFT_VERSION = 5.0;
				TARGETED_DEVICE_FAMILY = "1,2";
				TEST_HOST = "$(BUILT_PRODUCTS_DIR)/exp-tracker-0.1.app/$(BUNDLE_EXECUTABLE_FOLDER_PATH)/exp-tracker-0.1";
			};
			name = Debug;
		};
		4A0DEE432CA5AE3D00EF74A4 /* Release */ = {
			isa = XCBuildConfiguration;
			buildSettings = {
				ALWAYS_EMBED_SWIFT_STANDARD_LIBRARIES = YES;
				BUNDLE_LOADER = "$(TEST_HOST)";
				CODE_SIGN_STYLE = Automatic;
				CURRENT_PROJECT_VERSION = 1;
				GENERATE_INFOPLIST_FILE = YES;
				IPHONEOS_DEPLOYMENT_TARGET = 17.5;
				MARKETING_VERSION = 1.0;
				PRODUCT_BUNDLE_IDENTIFIER = "com.mattpus.exp-tracker-0-1Tests";
				PRODUCT_NAME = "$(TARGET_NAME)";
				SWIFT_EMIT_LOC_STRINGS = NO;
				SWIFT_VERSION = 5.0;
				TARGETED_DEVICE_FAMILY = "1,2";
				TEST_HOST = "$(BUILT_PRODUCTS_DIR)/exp-tracker-0.1.app/$(BUNDLE_EXECUTABLE_FOLDER_PATH)/exp-tracker-0.1";
			};
			name = Release;
		};
		4A0DEE452CA5AE3D00EF74A4 /* Debug */ = {
			isa = XCBuildConfiguration;
			buildSettings = {
				ALWAYS_EMBED_SWIFT_STANDARD_LIBRARIES = YES;
				CODE_SIGN_STYLE = Automatic;
				CURRENT_PROJECT_VERSION = 1;
				GENERATE_INFOPLIST_FILE = YES;
				MARKETING_VERSION = 1.0;
				PRODUCT_BUNDLE_IDENTIFIER = "com.mattpus.exp-tracker-0-1UITests";
				PRODUCT_NAME = "$(TARGET_NAME)";
				SWIFT_EMIT_LOC_STRINGS = NO;
				SWIFT_VERSION = 5.0;
				TARGETED_DEVICE_FAMILY = "1,2";
				TEST_TARGET_NAME = "exp-tracker-0.1";
			};
			name = Debug;
		};
		4A0DEE462CA5AE3D00EF74A4 /* Release */ = {
			isa = XCBuildConfiguration;
			buildSettings = {
				ALWAYS_EMBED_SWIFT_STANDARD_LIBRARIES = YES;
				CODE_SIGN_STYLE = Automatic;
				CURRENT_PROJECT_VERSION = 1;
				GENERATE_INFOPLIST_FILE = YES;
				MARKETING_VERSION = 1.0;
				PRODUCT_BUNDLE_IDENTIFIER = "com.mattpus.exp-tracker-0-1UITests";
				PRODUCT_NAME = "$(TARGET_NAME)";
				SWIFT_EMIT_LOC_STRINGS = NO;
				SWIFT_VERSION = 5.0;
				TARGETED_DEVICE_FAMILY = "1,2";
				TEST_TARGET_NAME = "exp-tracker-0.1";
			};
			name = Release;
		};
/* End XCBuildConfiguration section */

/* Begin XCConfigurationList section */
		4A0DEE152CA5AE3A00EF74A4 /* Build configuration list for PBXProject "exp-tracker-0.1" */ = {
			isa = XCConfigurationList;
			buildConfigurations = (
				4A0DEE3C2CA5AE3D00EF74A4 /* Debug */,
				4A0DEE3D2CA5AE3D00EF74A4 /* Release */,
			);
			defaultConfigurationIsVisible = 0;
			defaultConfigurationName = Release;
		};
		4A0DEE3E2CA5AE3D00EF74A4 /* Build configuration list for PBXNativeTarget "exp-tracker-0.1" */ = {
			isa = XCConfigurationList;
			buildConfigurations = (
				4A0DEE3F2CA5AE3D00EF74A4 /* Debug */,
				4A0DEE402CA5AE3D00EF74A4 /* Release */,
			);
			defaultConfigurationIsVisible = 0;
			defaultConfigurationName = Release;
		};
		4A0DEE412CA5AE3D00EF74A4 /* Build configuration list for PBXNativeTarget "exp-tracker-0.1Tests" */ = {
			isa = XCConfigurationList;
			buildConfigurations = (
				4A0DEE422CA5AE3D00EF74A4 /* Debug */,
				4A0DEE432CA5AE3D00EF74A4 /* Release */,
			);
			defaultConfigurationIsVisible = 0;
			defaultConfigurationName = Release;
		};
		4A0DEE442CA5AE3D00EF74A4 /* Build configuration list for PBXNativeTarget "exp-tracker-0.1UITests" */ = {
			isa = XCConfigurationList;
			buildConfigurations = (
				4A0DEE452CA5AE3D00EF74A4 /* Debug */,
				4A0DEE462CA5AE3D00EF74A4 /* Release */,
			);
			defaultConfigurationIsVisible = 0;
			defaultConfigurationName = Release;
		};
/* End XCConfigurationList section */
	};
	rootObject = 4A0DEE122CA5AE3A00EF74A4 /* Project object */;
}
